# This file is autogenerated, do not edit; changes may be undone by the next 'dep ensure'.


[[projects]]
  digest = "1:54b9433e1760180a8048ee72b333adee90c25d80373c1c6e724d467e5fd70a05"
  name = "github.com/google/gopacket"
  packages = [
    ".",
    "layers",
    "pcap",
  ]
  pruneopts = "UT"
  revision = "a6b099ece4680a8bdea84fa78166d0712108a95c"
  version = "v1.1.15"

[solve-meta]
  analyzer-name = "dep"
  analyzer-version = 1
  input-imports = [
    "github.com/google/gopacket",
    "github.com/google/gopacket/layers",
    "github.com/google/gopacket/pcap",
  ]
  solver-name = "gps-cdcl"
  solver-version = 1
